
Microsoft Visual Studio Solution File, Format Version 12.00
# Visual Studio Version 16
VisualStudioVersion = 16.0.30717.126
MinimumVisualStudioVersion = 10.0.40219.1
Project("{9A19103F-16F7-4668-BE54-9A1E7A4F7556}") = "ConductorClient", "ConductorClient\ConductorClient.csproj", "{B496B90F-8E75-493B-A843-FCC34E5900A2}"
EndProject
Project("{9A19103F-16F7-4668-BE54-9A1E7A4F7556}") = "ConductorWorker", "ConductorWorker\ConductorWorker.csproj", "{53E871E0-21D2-438F-972C-B79EE69193E2}"
EndProject
Project("{2150E333-8FDC-42A3-9474-1A3956D46DE8}") = "Solution Items", "Solution Items", "{462F7273-2383-408C-8D97-8F752D92E55B}"
	ProjectSection(SolutionItems) = preProject
		.gitignore = .gitignore
		GitVersion.yml = GitVersion.yml
		Readme.md = Readme.md
	EndProjectSection
EndProject
Global
	GlobalSection(SolutionConfigurationPlatforms) = preSolution
		Debug|Any CPU = Debug|Any CPU
		Release|Any CPU = Release|Any CPU
	EndGlobalSection
	GlobalSection(ProjectConfigurationPlatforms) = postSolution
		{B496B90F-8E75-493B-A843-FCC34E5900A2}.Debug|Any CPU.ActiveCfg = Debug|Any CPU
		{B496B90F-8E75-493B-A843-FCC34E5900A2}.Debug|Any CPU.Build.0 = Debug|Any CPU
		{B496B90F-8E75-493B-A843-FCC34E5900A2}.Release|Any CPU.ActiveCfg = Release|Any CPU
		{B496B90F-8E75-493B-A843-FCC34E5900A2}.Release|Any CPU.Build.0 = Release|Any CPU
		{53E871E0-21D2-438F-972C-B79EE69193E2}.Debug|Any CPU.ActiveCfg = Debug|Any CPU
		{53E871E0-21D2-438F-972C-B79EE69193E2}.Debug|Any CPU.Build.0 = Debug|Any CPU
		{53E871E0-21D2-438F-972C-B79EE69193E2}.Release|Any CPU.ActiveCfg = Release|Any CPU
		{53E871E0-21D2-438F-972C-B79EE69193E2}.Release|Any CPU.Build.0 = Release|Any CPU
	EndGlobalSection
	GlobalSection(SolutionProperties) = preSolution
		HideSolutionNode = FALSE
	EndGlobalSection
	GlobalSection(ExtensibilityGlobals) = postSolution
		SolutionGuid = {83265DC7-3D03-4BF4-8488-A954E2C5F6B7}
	EndGlobalSection
EndGlobal
